
Microsoft Visual Studio Solution File, Format Version 12.00
# Visual Studio Version 17
VisualStudioVersion = 17.7.34024.191
MinimumVisualStudioVersion = 10.0.40219.1
Project("{FAE04EC0-301F-11D3-BF4B-00C04F79EFBC}") = "Indiv2", "Indiv2.csproj", "{6A5770CE-1AF5-4BE9-912D-79A6F83CBA7C}"
EndProject
Global
	GlobalSection(SolutionConfigurationPlatforms) = preSolution
		Debug|Any CPU = Debug|Any CPU
		Release|Any CPU = Release|Any CPU
	EndGlobalSection
	GlobalSection(ProjectConfigurationPlatforms) = postSolution
		{6A5770CE-1AF5-4BE9-912D-79A6F83CBA7C}.Debug|Any CPU.ActiveCfg = Debug|Any CPU
		{6A5770CE-1AF5-4BE9-912D-79A6F83CBA7C}.Debug|Any CPU.Build.0 = Debug|Any CPU
		{6A5770CE-1AF5-4BE9-912D-79A6F83CBA7C}.Release|Any CPU.ActiveCfg = Release|Any CPU
		{6A5770CE-1AF5-4BE9-912D-79A6F83CBA7C}.Release|Any CPU.Build.0 = Release|Any CPU
	EndGlobalSection
	GlobalSection(SolutionProperties) = preSolution
		HideSolutionNode = FALSE
	EndGlobalSection
	GlobalSection(ExtensibilityGlobals) = postSolution
		SolutionGuid = {B67BCC20-30C9-446B-B00F-E90152ECA197}
	EndGlobalSection
EndGlobal
